
Microsoft Visual Studio Solution File, Format Version 12.00
# Visual Studio Version 17
VisualStudioVersion = 17.2.32616.157
MinimumVisualStudioVersion = 10.0.40219.1
Project("{9A19103F-16F7-4668-BE54-9A1E7A4F7556}") = "WanderwordTests", "WanderwordTests\WanderwordTests.csproj", "{F27FAEE6-1C97-4EB9-9CBE-E53A353B48CE}"
EndProject
Project("{9A19103F-16F7-4668-BE54-9A1E7A4F7556}") = "Wanderword", "Wanderword\Wanderword.csproj", "{5D4DBE4F-B894-42ED-8B8F-AD2F8E0B881A}"
EndProject
Global
	GlobalSection(SolutionConfigurationPlatforms) = preSolution
		Debug|Any CPU = Debug|Any CPU
		Release|Any CPU = Release|Any CPU
	EndGlobalSection
	GlobalSection(ProjectConfigurationPlatforms) = postSolution
		{F27FAEE6-1C97-4EB9-9CBE-E53A353B48CE}.Debug|Any CPU.ActiveCfg = Debug|Any CPU
		{F27FAEE6-1C97-4EB9-9CBE-E53A353B48CE}.Debug|Any CPU.Build.0 = Debug|Any CPU
		{F27FAEE6-1C97-4EB9-9CBE-E53A353B48CE}.Release|Any CPU.ActiveCfg = Release|Any CPU
		{F27FAEE6-1C97-4EB9-9CBE-E53A353B48CE}.Release|Any CPU.Build.0 = Release|Any CPU
		{5D4DBE4F-B894-42ED-8B8F-AD2F8E0B881A}.Debug|Any CPU.ActiveCfg = Debug|Any CPU
		{5D4DBE4F-B894-42ED-8B8F-AD2F8E0B881A}.Debug|Any CPU.Build.0 = Debug|Any CPU
		{5D4DBE4F-B894-42ED-8B8F-AD2F8E0B881A}.Release|Any CPU.ActiveCfg = Release|Any CPU
		{5D4DBE4F-B894-42ED-8B8F-AD2F8E0B881A}.Release|Any CPU.Build.0 = Release|Any CPU
	EndGlobalSection
	GlobalSection(SolutionProperties) = preSolution
		HideSolutionNode = FALSE
	EndGlobalSection
	GlobalSection(ExtensibilityGlobals) = postSolution
		SolutionGuid = {19769689-1208-49B1-8A04-3B2879F7EC11}
	EndGlobalSection
EndGlobal
